
Microsoft Visual Studio Solution File, Format Version 12.00
# Visual Studio Version 17
VisualStudioVersion = 17.12.35527.113 d17.12
MinimumVisualStudioVersion = 10.0.40219.1
Project("{FAE04EC0-301F-11D3-BF4B-00C04F79EFBC}") = "Pos.Api", "Pos.Api\Pos.Api.csproj", "{1D86E6AA-504C-486B-BDE5-7F02FBCE3C3C}"
EndProject
Project("{FAE04EC0-301F-11D3-BF4B-00C04F79EFBC}") = "Pos.Model", "Pos.Model\Pos.Model.csproj", "{F5D85A5B-B582-4D61-8F98-C63E117FE9DE}"
EndProject
Project("{FAE04EC0-301F-11D3-BF4B-00C04F79EFBC}") = "Pos.Dto", "Pos.Dto\Pos.Dto.csproj", "{BB840CD8-85AD-48D2-86DC-6713FED612A2}"
EndProject
Project("{FAE04EC0-301F-11D3-BF4B-00C04F79EFBC}") = "Pos.Repository", "Pos.Repository\Pos.Repository.csproj", "{B4AEC694-ACC8-4C44-B661-E01162114F61}"
EndProject
Project("{FAE04EC0-301F-11D3-BF4B-00C04F79EFBC}") = "Pos.Service", "Pos.Service\Pos.Service.csproj", "{A18F8593-D147-4481-BD32-E86F68456173}"
EndProject
Global
	GlobalSection(SolutionConfigurationPlatforms) = preSolution
		Debug|Any CPU = Debug|Any CPU
		Release|Any CPU = Release|Any CPU
	EndGlobalSection
	GlobalSection(ProjectConfigurationPlatforms) = postSolution
		{1D86E6AA-504C-486B-BDE5-7F02FBCE3C3C}.Debug|Any CPU.ActiveCfg = Debug|Any CPU
		{1D86E6AA-504C-486B-BDE5-7F02FBCE3C3C}.Debug|Any CPU.Build.0 = Debug|Any CPU
		{1D86E6AA-504C-486B-BDE5-7F02FBCE3C3C}.Release|Any CPU.ActiveCfg = Release|Any CPU
		{1D86E6AA-504C-486B-BDE5-7F02FBCE3C3C}.Release|Any CPU.Build.0 = Release|Any CPU
		{F5D85A5B-B582-4D61-8F98-C63E117FE9DE}.Debug|Any CPU.ActiveCfg = Debug|Any CPU
		{F5D85A5B-B582-4D61-8F98-C63E117FE9DE}.Debug|Any CPU.Build.0 = Debug|Any CPU
		{F5D85A5B-B582-4D61-8F98-C63E117FE9DE}.Release|Any CPU.ActiveCfg = Release|Any CPU
		{F5D85A5B-B582-4D61-8F98-C63E117FE9DE}.Release|Any CPU.Build.0 = Release|Any CPU
		{BB840CD8-85AD-48D2-86DC-6713FED612A2}.Debug|Any CPU.ActiveCfg = Debug|Any CPU
		{BB840CD8-85AD-48D2-86DC-6713FED612A2}.Debug|Any CPU.Build.0 = Debug|Any CPU
		{BB840CD8-85AD-48D2-86DC-6713FED612A2}.Release|Any CPU.ActiveCfg = Release|Any CPU
		{BB840CD8-85AD-48D2-86DC-6713FED612A2}.Release|Any CPU.Build.0 = Release|Any CPU
		{B4AEC694-ACC8-4C44-B661-E01162114F61}.Debug|Any CPU.ActiveCfg = Debug|Any CPU
		{B4AEC694-ACC8-4C44-B661-E01162114F61}.Debug|Any CPU.Build.0 = Debug|Any CPU
		{B4AEC694-ACC8-4C44-B661-E01162114F61}.Release|Any CPU.ActiveCfg = Release|Any CPU
		{B4AEC694-ACC8-4C44-B661-E01162114F61}.Release|Any CPU.Build.0 = Release|Any CPU
		{A18F8593-D147-4481-BD32-E86F68456173}.Debug|Any CPU.ActiveCfg = Debug|Any CPU
		{A18F8593-D147-4481-BD32-E86F68456173}.Debug|Any CPU.Build.0 = Debug|Any CPU
		{A18F8593-D147-4481-BD32-E86F68456173}.Release|Any CPU.ActiveCfg = Release|Any CPU
		{A18F8593-D147-4481-BD32-E86F68456173}.Release|Any CPU.Build.0 = Release|Any CPU
	EndGlobalSection
	GlobalSection(SolutionProperties) = preSolution
		HideSolutionNode = FALSE
	EndGlobalSection
EndGlobal
